
Microsoft Visual Studio Solution File, Format Version 12.00
# Visual Studio Version 16
VisualStudioVersion = 16.0.30011.22
MinimumVisualStudioVersion = 10.0.40219.1
Project("{9A19103F-16F7-4668-BE54-9A1E7A4F7556}") = "BugTracker.API", "src\services\BugTracker.API\BugTracker.API.csproj", "{E366594C-98FB-49CC-A069-B79D8E671DED}"
EndProject
Project("{9A19103F-16F7-4668-BE54-9A1E7A4F7556}") = "BugTracker.Application", "src\services\BugTracker.Application\BugTracker.Application.csproj", "{FC170BAC-6E9E-455D-96A6-7031B1F306BF}"
EndProject
Project("{E53339B2-1760-4266-BCC7-CA923CBCF16C}") = "docker-compose", "docker-compose.dcproj", "{E0904DC9-90D6-46EA-9F01-F3533889545A}"
EndProject
Project("{FAE04EC0-301F-11D3-BF4B-00C04F79EFBC}") = "BugTracker.Infrastructure", "src\services\BugTracker.Infrastructure\BugTracker.Infrastructure.csproj", "{BF0C3907-370B-406F-AA3D-D967FAC51724}"
EndProject
Global
	GlobalSection(SolutionConfigurationPlatforms) = preSolution
		Debug|Any CPU = Debug|Any CPU
		Release|Any CPU = Release|Any CPU
	EndGlobalSection
	GlobalSection(ProjectConfigurationPlatforms) = postSolution
		{E366594C-98FB-49CC-A069-B79D8E671DED}.Debug|Any CPU.ActiveCfg = Debug|Any CPU
		{E366594C-98FB-49CC-A069-B79D8E671DED}.Debug|Any CPU.Build.0 = Debug|Any CPU
		{E366594C-98FB-49CC-A069-B79D8E671DED}.Release|Any CPU.ActiveCfg = Release|Any CPU
		{E366594C-98FB-49CC-A069-B79D8E671DED}.Release|Any CPU.Build.0 = Release|Any CPU
		{FC170BAC-6E9E-455D-96A6-7031B1F306BF}.Debug|Any CPU.ActiveCfg = Debug|Any CPU
		{FC170BAC-6E9E-455D-96A6-7031B1F306BF}.Debug|Any CPU.Build.0 = Debug|Any CPU
		{FC170BAC-6E9E-455D-96A6-7031B1F306BF}.Release|Any CPU.ActiveCfg = Release|Any CPU
		{FC170BAC-6E9E-455D-96A6-7031B1F306BF}.Release|Any CPU.Build.0 = Release|Any CPU
		{E0904DC9-90D6-46EA-9F01-F3533889545A}.Debug|Any CPU.ActiveCfg = Debug|Any CPU
		{E0904DC9-90D6-46EA-9F01-F3533889545A}.Debug|Any CPU.Build.0 = Debug|Any CPU
		{E0904DC9-90D6-46EA-9F01-F3533889545A}.Release|Any CPU.ActiveCfg = Release|Any CPU
		{E0904DC9-90D6-46EA-9F01-F3533889545A}.Release|Any CPU.Build.0 = Release|Any CPU
		{BF0C3907-370B-406F-AA3D-D967FAC51724}.Debug|Any CPU.ActiveCfg = Debug|Any CPU
		{BF0C3907-370B-406F-AA3D-D967FAC51724}.Debug|Any CPU.Build.0 = Debug|Any CPU
		{BF0C3907-370B-406F-AA3D-D967FAC51724}.Release|Any CPU.ActiveCfg = Release|Any CPU
		{BF0C3907-370B-406F-AA3D-D967FAC51724}.Release|Any CPU.Build.0 = Release|Any CPU
	EndGlobalSection
	GlobalSection(SolutionProperties) = preSolution
		HideSolutionNode = FALSE
	EndGlobalSection
	GlobalSection(ExtensibilityGlobals) = postSolution
		SolutionGuid = {5283DF65-A954-4D57-AE19-AC8355E6B581}
	EndGlobalSection
EndGlobal
